
Microsoft Visual Studio Solution File, Format Version 12.00
# Visual Studio Version 16
VisualStudioVersion = 16.0.30320.27
MinimumVisualStudioVersion = 10.0.40219.1
Project("{9A19103F-16F7-4668-BE54-9A1E7A4F7556}") = "BT_001", "BT_NMLT\BT_001.csproj", "{7D7D3363-49C7-473D-ACC0-18E578B6E645}"
EndProject
Project("{9A19103F-16F7-4668-BE54-9A1E7A4F7556}") = "BT_002", "BT\BT_002.csproj", "{8FFD423D-8BDF-4207-922C-B5BBFC0C7B66}"
EndProject
Project("{9A19103F-16F7-4668-BE54-9A1E7A4F7556}") = "BT_003", "BT3\BT_003.csproj", "{67DFA203-39A2-4539-B431-578257B3DEF8}"
EndProject
Project("{9A19103F-16F7-4668-BE54-9A1E7A4F7556}") = "BT_004", "BT4\BT_004.csproj", "{A80F0350-D4A7-4835-90AB-AD6FCCB5C8EB}"
EndProject
Project("{9A19103F-16F7-4668-BE54-9A1E7A4F7556}") = "BT_005", "BT5\BT_005.csproj", "{80B8E036-6EF3-46B5-AA28-47B14CB9CBB5}"
EndProject
Project("{9A19103F-16F7-4668-BE54-9A1E7A4F7556}") = "BT_006", "BT6\BT_006.csproj", "{F3BBFDF7-FA64-4BB2-93E3-ACCBEE21AD3D}"
EndProject
Project("{9A19103F-16F7-4668-BE54-9A1E7A4F7556}") = "BT_007", "BT7\BT_007.csproj", "{942BC368-02D3-44F1-84B0-675CC30B608E}"
EndProject
Project("{9A19103F-16F7-4668-BE54-9A1E7A4F7556}") = "BT_008", "BT8\BT_008.csproj", "{28F7BB05-80A2-481E-BB23-4F230FE9FC24}"
EndProject
Project("{9A19103F-16F7-4668-BE54-9A1E7A4F7556}") = "BT_009", "BT9\BT_009.csproj", "{2F9E67BE-C56D-4AAB-94D9-9FDE923E3EBF}"
EndProject
Project("{9A19103F-16F7-4668-BE54-9A1E7A4F7556}") = "BT_010", "BT10\BT_010.csproj", "{893DD935-1FC4-4BA7-ACF8-162FECDA77E0}"
EndProject
Project("{9A19103F-16F7-4668-BE54-9A1E7A4F7556}") = "BT_011", "BT_011\BT_011.csproj", "{9631913D-A1D4-4381-8AE9-BBA8153D7403}"
EndProject
Project("{9A19103F-16F7-4668-BE54-9A1E7A4F7556}") = "BT_012", "BT_012\BT_012.csproj", "{F2A9074D-796C-4CE3-BBF1-F62F2D731398}"
EndProject
Project("{9A19103F-16F7-4668-BE54-9A1E7A4F7556}") = "BT_013", "BT_013\BT_013.csproj", "{E1AE90AB-6F2D-4643-A18A-83C1EED81375}"
EndProject
Project("{9A19103F-16F7-4668-BE54-9A1E7A4F7556}") = "BT_014", "BT_14\BT_014.csproj", "{00A12417-BF50-487D-B8F2-A310E4E0773F}"
EndProject
Project("{9A19103F-16F7-4668-BE54-9A1E7A4F7556}") = "BT_015", "BT_015\BT_015.csproj", "{BFF540E8-922A-4AC7-9B83-4DC2B7EFBE56}"
EndProject
Project("{9A19103F-16F7-4668-BE54-9A1E7A4F7556}") = "BT_016", "BT_016\BT_016.csproj", "{EB28057B-08E7-471C-857E-94391BC97E5B}"
EndProject
Project("{9A19103F-16F7-4668-BE54-9A1E7A4F7556}") = "BT_16", "BT_16\BT_16.csproj", "{FDA84188-7177-43F1-A449-674500C8A830}"
EndProject
Project("{9A19103F-16F7-4668-BE54-9A1E7A4F7556}") = "BT_019", "BT_017\BT_019.csproj", "{32C24595-E67D-48EE-A091-E078D7C36041}"
EndProject
Project("{9A19103F-16F7-4668-BE54-9A1E7A4F7556}") = "BaiTap_Basic_Oop", "BaiTap_Basic_Oop\BaiTap_Basic_Oop.csproj", "{BDEA4975-38CE-44F4-A170-0F128F110FAA}"
EndProject
Project("{9A19103F-16F7-4668-BE54-9A1E7A4F7556}") = "BT_020_Den_030", "BT_020_Den_030\BT_020_Den_030.csproj", "{6CC83AF0-23AA-4A8F-B27F-C81334E409B1}"
EndProject
Project("{FAE04EC0-301F-11D3-BF4B-00C04F79EFBC}") = "BT_029", "BT_029\BT_029.csproj", "{244239EC-DBF2-4679-8925-8C66D78053C7}"
EndProject
Project("{FAE04EC0-301F-11D3-BF4B-00C04F79EFBC}") = "BT_030", "BT_030\BT_030.csproj", "{40D0F70D-9419-48AB-9328-BAB01613F2D2}"
EndProject
Project("{FAE04EC0-301F-11D3-BF4B-00C04F79EFBC}") = "BT_031", "BT_031\BT_031.csproj", "{22BD4653-C1EB-4EE8-8957-7C1FDDB4F705}"
EndProject
Project("{FAE04EC0-301F-11D3-BF4B-00C04F79EFBC}") = "BT_032", "BT_032\BT_032.csproj", "{95B22DCD-BB72-4632-9C94-E0348BCCE895}"
EndProject
Project("{FAE04EC0-301F-11D3-BF4B-00C04F79EFBC}") = "BT_033", "BT_033\BT_033.csproj", "{B717C7DF-013E-4AC0-A9C7-F772A1EFF5B2}"
EndProject
Global
	GlobalSection(SolutionConfigurationPlatforms) = preSolution
		Debug|Any CPU = Debug|Any CPU
		Release|Any CPU = Release|Any CPU
	EndGlobalSection
	GlobalSection(ProjectConfigurationPlatforms) = postSolution
		{7D7D3363-49C7-473D-ACC0-18E578B6E645}.Debug|Any CPU.ActiveCfg = Debug|Any CPU
		{7D7D3363-49C7-473D-ACC0-18E578B6E645}.Debug|Any CPU.Build.0 = Debug|Any CPU
		{7D7D3363-49C7-473D-ACC0-18E578B6E645}.Release|Any CPU.ActiveCfg = Release|Any CPU
		{7D7D3363-49C7-473D-ACC0-18E578B6E645}.Release|Any CPU.Build.0 = Release|Any CPU
		{8FFD423D-8BDF-4207-922C-B5BBFC0C7B66}.Debug|Any CPU.ActiveCfg = Debug|Any CPU
		{8FFD423D-8BDF-4207-922C-B5BBFC0C7B66}.Debug|Any CPU.Build.0 = Debug|Any CPU
		{8FFD423D-8BDF-4207-922C-B5BBFC0C7B66}.Release|Any CPU.ActiveCfg = Release|Any CPU
		{8FFD423D-8BDF-4207-922C-B5BBFC0C7B66}.Release|Any CPU.Build.0 = Release|Any CPU
		{67DFA203-39A2-4539-B431-578257B3DEF8}.Debug|Any CPU.ActiveCfg = Debug|Any CPU
		{67DFA203-39A2-4539-B431-578257B3DEF8}.Debug|Any CPU.Build.0 = Debug|Any CPU
		{67DFA203-39A2-4539-B431-578257B3DEF8}.Release|Any CPU.ActiveCfg = Release|Any CPU
		{67DFA203-39A2-4539-B431-578257B3DEF8}.Release|Any CPU.Build.0 = Release|Any CPU
		{A80F0350-D4A7-4835-90AB-AD6FCCB5C8EB}.Debug|Any CPU.ActiveCfg = Debug|Any CPU
		{A80F0350-D4A7-4835-90AB-AD6FCCB5C8EB}.Debug|Any CPU.Build.0 = Debug|Any CPU
		{A80F0350-D4A7-4835-90AB-AD6FCCB5C8EB}.Release|Any CPU.ActiveCfg = Release|Any CPU
		{A80F0350-D4A7-4835-90AB-AD6FCCB5C8EB}.Release|Any CPU.Build.0 = Release|Any CPU
		{80B8E036-6EF3-46B5-AA28-47B14CB9CBB5}.Debug|Any CPU.ActiveCfg = Debug|Any CPU
		{80B8E036-6EF3-46B5-AA28-47B14CB9CBB5}.Debug|Any CPU.Build.0 = Debug|Any CPU
		{80B8E036-6EF3-46B5-AA28-47B14CB9CBB5}.Release|Any CPU.ActiveCfg = Release|Any CPU
		{80B8E036-6EF3-46B5-AA28-47B14CB9CBB5}.Release|Any CPU.Build.0 = Release|Any CPU
		{F3BBFDF7-FA64-4BB2-93E3-ACCBEE21AD3D}.Debug|Any CPU.ActiveCfg = Debug|Any CPU
		{F3BBFDF7-FA64-4BB2-93E3-ACCBEE21AD3D}.Debug|Any CPU.Build.0 = Debug|Any CPU
		{F3BBFDF7-FA64-4BB2-93E3-ACCBEE21AD3D}.Release|Any CPU.ActiveCfg = Release|Any CPU
		{F3BBFDF7-FA64-4BB2-93E3-ACCBEE21AD3D}.Release|Any CPU.Build.0 = Release|Any CPU
		{942BC368-02D3-44F1-84B0-675CC30B608E}.Debug|Any CPU.ActiveCfg = Debug|Any CPU
		{942BC368-02D3-44F1-84B0-675CC30B608E}.Debug|Any CPU.Build.0 = Debug|Any CPU
		{942BC368-02D3-44F1-84B0-675CC30B608E}.Release|Any CPU.ActiveCfg = Release|Any CPU
		{942BC368-02D3-44F1-84B0-675CC30B608E}.Release|Any CPU.Build.0 = Release|Any CPU
		{28F7BB05-80A2-481E-BB23-4F230FE9FC24}.Debug|Any CPU.ActiveCfg = Debug|Any CPU
		{28F7BB05-80A2-481E-BB23-4F230FE9FC24}.Debug|Any CPU.Build.0 = Debug|Any CPU
		{28F7BB05-80A2-481E-BB23-4F230FE9FC24}.Release|Any CPU.ActiveCfg = Release|Any CPU
		{28F7BB05-80A2-481E-BB23-4F230FE9FC24}.Release|Any CPU.Build.0 = Release|Any CPU
		{2F9E67BE-C56D-4AAB-94D9-9FDE923E3EBF}.Debug|Any CPU.ActiveCfg = Debug|Any CPU
		{2F9E67BE-C56D-4AAB-94D9-9FDE923E3EBF}.Debug|Any CPU.Build.0 = Debug|Any CPU
		{2F9E67BE-C56D-4AAB-94D9-9FDE923E3EBF}.Release|Any CPU.ActiveCfg = Release|Any CPU
		{2F9E67BE-C56D-4AAB-94D9-9FDE923E3EBF}.Release|Any CPU.Build.0 = Release|Any CPU
		{893DD935-1FC4-4BA7-ACF8-162FECDA77E0}.Debug|Any CPU.ActiveCfg = Debug|Any CPU
		{893DD935-1FC4-4BA7-ACF8-162FECDA77E0}.Debug|Any CPU.Build.0 = Debug|Any CPU
		{893DD935-1FC4-4BA7-ACF8-162FECDA77E0}.Release|Any CPU.ActiveCfg = Release|Any CPU
		{893DD935-1FC4-4BA7-ACF8-162FECDA77E0}.Release|Any CPU.Build.0 = Release|Any CPU
		{9631913D-A1D4-4381-8AE9-BBA8153D7403}.Debug|Any CPU.ActiveCfg = Debug|Any CPU
		{9631913D-A1D4-4381-8AE9-BBA8153D7403}.Debug|Any CPU.Build.0 = Debug|Any CPU
		{9631913D-A1D4-4381-8AE9-BBA8153D7403}.Release|Any CPU.ActiveCfg = Release|Any CPU
		{9631913D-A1D4-4381-8AE9-BBA8153D7403}.Release|Any CPU.Build.0 = Release|Any CPU
		{F2A9074D-796C-4CE3-BBF1-F62F2D731398}.Debug|Any CPU.ActiveCfg = Debug|Any CPU
		{F2A9074D-796C-4CE3-BBF1-F62F2D731398}.Debug|Any CPU.Build.0 = Debug|Any CPU
		{F2A9074D-796C-4CE3-BBF1-F62F2D731398}.Release|Any CPU.ActiveCfg = Release|Any CPU
		{F2A9074D-796C-4CE3-BBF1-F62F2D731398}.Release|Any CPU.Build.0 = Release|Any CPU
		{E1AE90AB-6F2D-4643-A18A-83C1EED81375}.Debug|Any CPU.ActiveCfg = Debug|Any CPU
		{E1AE90AB-6F2D-4643-A18A-83C1EED81375}.Debug|Any CPU.Build.0 = Debug|Any CPU
		{E1AE90AB-6F2D-4643-A18A-83C1EED81375}.Release|Any CPU.ActiveCfg = Release|Any CPU
		{E1AE90AB-6F2D-4643-A18A-83C1EED81375}.Release|Any CPU.Build.0 = Release|Any CPU
		{00A12417-BF50-487D-B8F2-A310E4E0773F}.Debug|Any CPU.ActiveCfg = Debug|Any CPU
		{00A12417-BF50-487D-B8F2-A310E4E0773F}.Debug|Any CPU.Build.0 = Debug|Any CPU
		{00A12417-BF50-487D-B8F2-A310E4E0773F}.Release|Any CPU.ActiveCfg = Release|Any CPU
		{00A12417-BF50-487D-B8F2-A310E4E0773F}.Release|Any CPU.Build.0 = Release|Any CPU
		{BFF540E8-922A-4AC7-9B83-4DC2B7EFBE56}.Debug|Any CPU.ActiveCfg = Debug|Any CPU
		{BFF540E8-922A-4AC7-9B83-4DC2B7EFBE56}.Debug|Any CPU.Build.0 = Debug|Any CPU
		{BFF540E8-922A-4AC7-9B83-4DC2B7EFBE56}.Release|Any CPU.ActiveCfg = Release|Any CPU
		{BFF540E8-922A-4AC7-9B83-4DC2B7EFBE56}.Release|Any CPU.Build.0 = Release|Any CPU
		{EB28057B-08E7-471C-857E-94391BC97E5B}.Debug|Any CPU.ActiveCfg = Debug|Any CPU
		{EB28057B-08E7-471C-857E-94391BC97E5B}.Debug|Any CPU.Build.0 = Debug|Any CPU
		{EB28057B-08E7-471C-857E-94391BC97E5B}.Release|Any CPU.ActiveCfg = Release|Any CPU
		{EB28057B-08E7-471C-857E-94391BC97E5B}.Release|Any CPU.Build.0 = Release|Any CPU
		{FDA84188-7177-43F1-A449-674500C8A830}.Debug|Any CPU.ActiveCfg = Debug|Any CPU
		{FDA84188-7177-43F1-A449-674500C8A830}.Debug|Any CPU.Build.0 = Debug|Any CPU
		{FDA84188-7177-43F1-A449-674500C8A830}.Release|Any CPU.ActiveCfg = Release|Any CPU
		{FDA84188-7177-43F1-A449-674500C8A830}.Release|Any CPU.Build.0 = Release|Any CPU
		{32C24595-E67D-48EE-A091-E078D7C36041}.Debug|Any CPU.ActiveCfg = Debug|Any CPU
		{32C24595-E67D-48EE-A091-E078D7C36041}.Debug|Any CPU.Build.0 = Debug|Any CPU
		{32C24595-E67D-48EE-A091-E078D7C36041}.Release|Any CPU.ActiveCfg = Release|Any CPU
		{32C24595-E67D-48EE-A091-E078D7C36041}.Release|Any CPU.Build.0 = Release|Any CPU
		{BDEA4975-38CE-44F4-A170-0F128F110FAA}.Debug|Any CPU.ActiveCfg = Debug|Any CPU
		{BDEA4975-38CE-44F4-A170-0F128F110FAA}.Debug|Any CPU.Build.0 = Debug|Any CPU
		{BDEA4975-38CE-44F4-A170-0F128F110FAA}.Release|Any CPU.ActiveCfg = Release|Any CPU
		{BDEA4975-38CE-44F4-A170-0F128F110FAA}.Release|Any CPU.Build.0 = Release|Any CPU
		{6CC83AF0-23AA-4A8F-B27F-C81334E409B1}.Debug|Any CPU.ActiveCfg = Debug|Any CPU
		{6CC83AF0-23AA-4A8F-B27F-C81334E409B1}.Debug|Any CPU.Build.0 = Debug|Any CPU
		{6CC83AF0-23AA-4A8F-B27F-C81334E409B1}.Release|Any CPU.ActiveCfg = Release|Any CPU
		{6CC83AF0-23AA-4A8F-B27F-C81334E409B1}.Release|Any CPU.Build.0 = Release|Any CPU
		{244239EC-DBF2-4679-8925-8C66D78053C7}.Debug|Any CPU.ActiveCfg = Debug|Any CPU
		{244239EC-DBF2-4679-8925-8C66D78053C7}.Debug|Any CPU.Build.0 = Debug|Any CPU
		{244239EC-DBF2-4679-8925-8C66D78053C7}.Release|Any CPU.ActiveCfg = Release|Any CPU
		{244239EC-DBF2-4679-8925-8C66D78053C7}.Release|Any CPU.Build.0 = Release|Any CPU
		{40D0F70D-9419-48AB-9328-BAB01613F2D2}.Debug|Any CPU.ActiveCfg = Debug|Any CPU
		{40D0F70D-9419-48AB-9328-BAB01613F2D2}.Debug|Any CPU.Build.0 = Debug|Any CPU
		{40D0F70D-9419-48AB-9328-BAB01613F2D2}.Release|Any CPU.ActiveCfg = Release|Any CPU
		{40D0F70D-9419-48AB-9328-BAB01613F2D2}.Release|Any CPU.Build.0 = Release|Any CPU
		{22BD4653-C1EB-4EE8-8957-7C1FDDB4F705}.Debug|Any CPU.ActiveCfg = Debug|Any CPU
		{22BD4653-C1EB-4EE8-8957-7C1FDDB4F705}.Debug|Any CPU.Build.0 = Debug|Any CPU
		{22BD4653-C1EB-4EE8-8957-7C1FDDB4F705}.Release|Any CPU.ActiveCfg = Release|Any CPU
		{22BD4653-C1EB-4EE8-8957-7C1FDDB4F705}.Release|Any CPU.Build.0 = Release|Any CPU
		{95B22DCD-BB72-4632-9C94-E0348BCCE895}.Debug|Any CPU.ActiveCfg = Debug|Any CPU
		{95B22DCD-BB72-4632-9C94-E0348BCCE895}.Debug|Any CPU.Build.0 = Debug|Any CPU
		{95B22DCD-BB72-4632-9C94-E0348BCCE895}.Release|Any CPU.ActiveCfg = Release|Any CPU
		{95B22DCD-BB72-4632-9C94-E0348BCCE895}.Release|Any CPU.Build.0 = Release|Any CPU
		{B717C7DF-013E-4AC0-A9C7-F772A1EFF5B2}.Debug|Any CPU.ActiveCfg = Debug|Any CPU
		{B717C7DF-013E-4AC0-A9C7-F772A1EFF5B2}.Debug|Any CPU.Build.0 = Debug|Any CPU
		{B717C7DF-013E-4AC0-A9C7-F772A1EFF5B2}.Release|Any CPU.ActiveCfg = Release|Any CPU
		{B717C7DF-013E-4AC0-A9C7-F772A1EFF5B2}.Release|Any CPU.Build.0 = Release|Any CPU
	EndGlobalSection
	GlobalSection(SolutionProperties) = preSolution
		HideSolutionNode = FALSE
	EndGlobalSection
	GlobalSection(ExtensibilityGlobals) = postSolution
		SolutionGuid = {5B4107A7-000F-492D-9CA5-F00B205EA8A3}
	EndGlobalSection
EndGlobal
